// !$*UTF8*$!
{
	archiveVersion = 1;
	classes = {
	};
	objectVersion = 48;
	objects = {

/* Begin PBXBuildFile section */
		01340C94204D2422003015C6 /* AppDelegate.m in Sources */ = {isa = PBXBuildFile; fileRef = 01340C93204D2422003015C6 /* AppDelegate.m */; };
		01340C97204D2422003015C6 /* ViewController.m in Sources */ = {isa = PBXBuildFile; fileRef = 01340C96204D2422003015C6 /* ViewController.m */; };
		01340C9A204D2422003015C6 /* Main.storyboard in Resources */ = {isa = PBXBuildFile; fileRef = 01340C98204D2422003015C6 /* Main.storyboard */; };
		01340C9C204D2422003015C6 /* Assets.xcassets in Resources */ = {isa = PBXBuildFile; fileRef = 01340C9B204D2422003015C6 /* Assets.xcassets */; };
		01340C9F204D2422003015C6 /* LaunchScreen.storyboard in Resources */ = {isa = PBXBuildFile; fileRef = 01340C9D204D2422003015C6 /* LaunchScreen.storyboard */; };
		01340CA2204D2422003015C6 /* main.m in Sources */ = {isa = PBXBuildFile; fileRef = 01340CA1204D2422003015C6 /* main.m */; };
		01340CAC204D2422003015C6 /* TestLibTests.m in Sources */ = {isa = PBXBuildFile; fileRef = 01340CAB204D2422003015C6 /* TestLibTests.m */; };
		01340CB7204D2422003015C6 /* TestLibUITests.m in Sources */ = {isa = PBXBuildFile; fileRef = 01340CB6204D2422003015C6 /* TestLibUITests.m */; };
/* End PBXBuildFile section */

/* Begin PBXContainerItemProxy section */
		01340CA8204D2422003015C6 /* PBXContainerItemProxy */ = {
			isa = PBXContainerItemProxy;
			containerPortal = 01340C87204D2422003015C6 /* Project object */;
			proxyType = 1;
			remoteGlobalIDString = 01340C8E204D2422003015C6;
			remoteInfo = TestLib;
		};
		01340CB3204D2422003015C6 /* PBXContainerItemProxy */ = {
			isa = PBXContainerItemProxy;
			containerPortal = 01340C87204D2422003015C6 /* Project object */;
			proxyType = 1;
			remoteGlobalIDString = 01340C8E204D2422003015C6;
			remoteInfo = TestLib;
		};
/* End PBXContainerItemProxy section */

/* Begin PBXFileReference section */
		01340C8F204D2422003015C6 /* TestLib.app */ = {isa = PBXFileReference; explicitFileType = wrapper.application; includeInIndex = 0; path = TestLib.app; sourceTree = BUILT_PRODUCTS_DIR; };
		01340C92204D2422003015C6 /* AppDelegate.h */ = {isa = PBXFileReference; lastKnownFileType = sourcecode.c.h; path = AppDelegate.h; sourceTree = "<group>"; };
		01340C93204D2422003015C6 /* AppDelegate.m */ = {isa = PBXFileReference; lastKnownFileType = sourcecode.c.objc; path = AppDelegate.m; sourceTree = "<group>"; };
		01340C95204D2422003015C6 /* ViewController.h */ = {isa = PBXFileReference; lastKnownFileType = sourcecode.c.h; path = ViewController.h; sourceTree = "<group>"; };
		01340C96204D2422003015C6 /* ViewController.m */ = {isa = PBXFileReference; lastKnownFileType = sourcecode.c.objc; path = ViewController.m; sourceTree = "<group>"; };
		01340C99204D2422003015C6 /* Base */ = {isa = PBXFileReference; lastKnownFileType = file.storyboard; name = Base; path = Base.lproj/Main.storyboard; sourceTree = "<group>"; };
		01340C9B204D2422003015C6 /* Assets.xcassets */ = {isa = PBXFileReference; lastKnownFileType = folder.assetcatalog; path = Assets.xcassets; sourceTree = "<group>"; };
		01340C9E204D2422003015C6 /* Base */ = {isa = PBXFileReference; lastKnownFileType = file.storyboard; name = Base; path = Base.lproj/LaunchScreen.storyboard; sourceTree = "<group>"; };
		01340CA0204D2422003015C6 /* Info.plist */ = {isa = PBXFileReference; lastKnownFileType = text.plist.xml; path = Info.plist; sourceTree = "<group>"; };
		01340CA1204D2422003015C6 /* main.m */ = {isa = PBXFileReference; lastKnownFileType = sourcecode.c.objc; path = main.m; sourceTree = "<group>"; };
		01340CA7204D2422003015C6 /* TestLibTests.xctest */ = {isa = PBXFileReference; explicitFileType = wrapper.cfbundle; includeInIndex = 0; path = TestLibTests.xctest; sourceTree = BUILT_PRODUCTS_DIR; };
		01340CAB204D2422003015C6 /* TestLibTests.m */ = {isa = PBXFileReference; lastKnownFileType = sourcecode.c.objc; path = TestLibTests.m; sourceTree = "<group>"; };
		01340CAD204D2422003015C6 /* Info.plist */ = {isa = PBXFileReference; lastKnownFileType = text.plist.xml; path = Info.plist; sourceTree = "<group>"; };
		01340CB2204D2422003015C6 /* TestLibUITests.xctest */ = {isa = PBXFileReference; explicitFileType = wrapper.cfbundle; includeInIndex = 0; path = TestLibUITests.xctest; sourceTree = BUILT_PRODUCTS_DIR; };
		01340CB6204D2422003015C6 /* TestLibUITests.m */ = {isa = PBXFileReference; lastKnownFileType = sourcecode.c.objc; path = TestLibUITests.m; sourceTree = "<group>"; };
		01340CB8204D2422003015C6 /* Info.plist */ = {isa = PBXFileReference; lastKnownFileType = text.plist.xml; path = Info.plist; sourceTree = "<group>"; };
/* End PBXFileReference section */

/* Begin PBXFrameworksBuildPhase section */
		01340C8C204D2422003015C6 /* Frameworks */ = {
			isa = PBXFrameworksBuildPhase;
			buildActionMask = 2147483647;
			files = (
			);
			runOnlyForDeploymentPostprocessing = 0;
		};
		01340CA4204D2422003015C6 /* Frameworks */ = {
			isa = PBXFrameworksBuildPhase;
			buildActionMask = 2147483647;
			files = (
			);
			runOnlyForDeploymentPostprocessing = 0;
		};
		01340CAF204D2422003015C6 /* Frameworks */ = {
			isa = PBXFrameworksBuildPhase;
			buildActionMask = 2147483647;
			files = (
			);
			runOnlyForDeploymentPostprocessing = 0;
		};
/* End PBXFrameworksBuildPhase section */

/* Begin PBXGroup section */
		01340C86204D2422003015C6 = {
			isa = PBXGroup;
			children = (
				01340C91204D2422003015C6 /* TestLib */,
				01340CAA204D2422003015C6 /* TestLibTests */,
				01340CB5204D2422003015C6 /* TestLibUITests */,
				01340C90204D2422003015C6 /* Products */,
			);
			sourceTree = "<group>";
		};
		01340C90204D2422003015C6 /* Products */ = {
			isa = PBXGroup;
			children = (
				01340C8F204D2422003015C6 /* TestLib.app */,
				01340CA7204D2422003015C6 /* TestLibTests.xctest */,
				01340CB2204D2422003015C6 /* TestLibUITests.xctest */,
			);
			name = Products;
			sourceTree = "<group>";
		};
		01340C91204D2422003015C6 /* TestLib */ = {
			isa = PBXGroup;
			children = (
				01340C92204D2422003015C6 /* AppDelegate.h */,
				01340C93204D2422003015C6 /* AppDelegate.m */,
				01340C95204D2422003015C6 /* ViewController.h */,
				01340C96204D2422003015C6 /* ViewController.m */,
				01340C98204D2422003015C6 /* Main.storyboard */,
				01340C9B204D2422003015C6 /* Assets.xcassets */,
				01340C9D204D2422003015C6 /* LaunchScreen.storyboard */,
				01340CA0204D2422003015C6 /* Info.plist */,
				01340CA1204D2422003015C6 /* main.m */,
			);
			path = TestLib;
			sourceTree = "<group>";
		};
		01340CAA204D2422003015C6 /* TestLibTests */ = {
			isa = PBXGroup;
			children = (
				01340CAB204D2422003015C6 /* TestLibTests.m */,
				01340CAD204D2422003015C6 /* Info.plist */,
			);
			path = TestLibTests;
			sourceTree = "<group>";
		};
		01340CB5204D2422003015C6 /* TestLibUITests */ = {
			isa = PBXGroup;
			children = (
				01340CB6204D2422003015C6 /* TestLibUITests.m */,
				01340CB8204D2422003015C6 /* Info.plist */,
			);
			path = TestLibUITests;
			sourceTree = "<group>";
		};
/* End PBXGroup section */

/* Begin PBXNativeTarget section */
		01340C8E204D2422003015C6 /* TestLib */ = {
			isa = PBXNativeTarget;
			buildConfigurationList = 01340CBB204D2422003015C6 /* Build configuration list for PBXNativeTarget "TestLib" */;
			buildPhases = (
				01340C8B204D2422003015C6 /* Sources */,
				01340C8C204D2422003015C6 /* Frameworks */,
				01340C8D204D2422003015C6 /* Resources */,
			);
			buildRules = (
			);
			dependencies = (
			);
			name = TestLib;
			productName = TestLib;
			productReference = 01340C8F204D2422003015C6 /* TestLib.app */;
			productType = "com.apple.product-type.application";
		};
		01340CA6204D2422003015C6 /* TestLibTests */ = {
			isa = PBXNativeTarget;
			buildConfigurationList = 01340CBE204D2422003015C6 /* Build configuration list for PBXNativeTarget "TestLibTests" */;
			buildPhases = (
				01340CA3204D2422003015C6 /* Sources */,
				01340CA4204D2422003015C6 /* Frameworks */,
				01340CA5204D2422003015C6 /* Resources */,
			);
			buildRules = (
			);
			dependencies = (
				01340CA9204D2422003015C6 /* PBXTargetDependency */,
			);
			name = TestLibTests;
			productName = TestLibTests;
			productReference = 01340CA7204D2422003015C6 /* TestLibTests.xctest */;
			productType = "com.apple.product-type.bundle.unit-test";
		};
		01340CB1204D2422003015C6 /* TestLibUITests */ = {
			isa = PBXNativeTarget;
			buildConfigurationList = 01340CC1204D2422003015C6 /* Build configuration list for PBXNativeTarget "TestLibUITests" */;
			buildPhases = (
				01340CAE204D2422003015C6 /* Sources */,
				01340CAF204D2422003015C6 /* Frameworks */,
				01340CB0204D2422003015C6 /* Resources */,
			);
			buildRules = (
			);
			dependencies = (
				01340CB4204D2422003015C6 /* PBXTargetDependency */,
			);
			name = TestLibUITests;
			productName = TestLibUITests;
			productReference = 01340CB2204D2422003015C6 /* TestLibUITests.xctest */;
			productType = "com.apple.product-type.bundle.ui-testing";
		};
/* End PBXNativeTarget section */

/* Begin PBXProject section */
		01340C87204D2422003015C6 /* Project object */ = {
			isa = PBXProject;
			attributes = {
				LastUpgradeCheck = 0920;
				ORGANIZATIONNAME = 111;
				TargetAttributes = {
					01340C8E204D2422003015C6 = {
						CreatedOnToolsVersion = 9.2;
						ProvisioningStyle = Automatic;
					};
					01340CA6204D2422003015C6 = {
						CreatedOnToolsVersion = 9.2;
						ProvisioningStyle = Automatic;
						TestTargetID = 01340C8E204D2422003015C6;
					};
					01340CB1204D2422003015C6 = {
						CreatedOnToolsVersion = 9.2;
						ProvisioningStyle = Automatic;
						TestTargetID = 01340C8E204D2422003015C6;
					};
				};
			};
			buildConfigurationList = 01340C8A204D2422003015C6 /* Build configuration list for PBXProject "TestLib" */;
			compatibilityVersion = "Xcode 8.0";
			developmentRegion = en;
			hasScannedForEncodings = 0;
			knownRegions = (
				en,
				Base,
			);
			mainGroup = 01340C86204D2422003015C6;
			productRefGroup = 01340C90204D2422003015C6 /* Products */;
			projectDirPath = "";
			projectRoot = "";
			targets = (
				01340C8E204D2422003015C6 /* TestLib */,
				01340CA6204D2422003015C6 /* TestLibTests */,
				01340CB1204D2422003015C6 /* TestLibUITests */,
			);
		};
/* End PBXProject section */

/* Begin PBXResourcesBuildPhase section */
		01340C8D204D2422003015C6 /* Resources */ = {
			isa = PBXResourcesBuildPhase;
			buildActionMask = 2147483647;
			files = (
				01340C9F204D2422003015C6 /* LaunchScreen.storyboard in Resources */,
				01340C9C204D2422003015C6 /* Assets.xcassets in Resources */,
				01340C9A204D2422003015C6 /* Main.storyboard in Resources */,
			);
			runOnlyForDeploymentPostprocessing = 0;
		};
		01340CA5204D2422003015C6 /* Resources */ = {
			isa = PBXResourcesBuildPhase;
			buildActionMask = 2147483647;
			files = (
			);
			runOnlyForDeploymentPostprocessing = 0;
		};
		01340CB0204D2422003015C6 /* Resources */ = {
			isa = PBXResourcesBuildPhase;
			buildActionMask = 2147483647;
			files = (
			);
			runOnlyForDeploymentPostprocessing = 0;
		};
/* End PBXResourcesBuildPhase section */

/* Begin PBXSourcesBuildPhase section */
		01340C8B204D2422003015C6 /* Sources */ = {
			isa = PBXSourcesBuildPhase;
			buildActionMask = 2147483647;
			files = (
				01340C97204D2422003015C6 /* ViewController.m in Sources */,
				01340CA2204D2422003015C6 /* main.m in Sources */,
				01340C94204D2422003015C6 /* AppDelegate.m in Sources */,
			);
			runOnlyForDeploymentPostprocessing = 0;
		};
		01340CA3204D2422003015C6 /* Sources */ = {
			isa = PBXSourcesBuildPhase;
			buildActionMask = 2147483647;
			files = (
				01340CAC204D2422003015C6 /* TestLibTests.m in Sources */,
			);
			runOnlyForDeploymentPostprocessing = 0;
		};
		01340CAE204D2422003015C6 /* Sources */ = {
			isa = PBXSourcesBuildPhase;
			buildActionMask = 2147483647;
			files = (
				01340CB7204D2422003015C6 /* TestLibUITests.m in Sources */,
			);
			runOnlyForDeploymentPostprocessing = 0;
		};
/* End PBXSourcesBuildPhase section */

/* Begin PBXTargetDependency section */
		01340CA9204D2422003015C6 /* PBXTargetDependency */ = {
			isa = PBXTargetDependency;
			target = 01340C8E204D2422003015C6 /* TestLib */;
			targetProxy = 01340CA8204D2422003015C6 /* PBXContainerItemProxy */;
		};
		01340CB4204D2422003015C6 /* PBXTargetDependency */ = {
			isa = PBXTargetDependency;
			target = 01340C8E204D2422003015C6 /* TestLib */;
			targetProxy = 01340CB3204D2422003015C6 /* PBXContainerItemProxy */;
		};
/* End PBXTargetDependency section */

/* Begin PBXVariantGroup section */
		01340C98204D2422003015C6 /* Main.storyboard */ = {
			isa = PBXVariantGroup;
			children = (
				01340C99204D2422003015C6 /* Base */,
			);
			name = Main.storyboard;
			sourceTree = "<group>";
		};
		01340C9D204D2422003015C6 /* LaunchScreen.storyboard */ = {
			isa = PBXVariantGroup;
			children = (
				01340C9E204D2422003015C6 /* Base */,
			);
			name = LaunchScreen.storyboard;
			sourceTree = "<group>";
		};
/* End PBXVariantGroup section */

/* Begin XCBuildConfiguration section */
		01340CB9204D2422003015C6 /* Debug */ = {
			isa = XCBuildConfiguration;
			buildSettings = {
				ALWAYS_SEARCH_USER_PATHS = NO;
				CLANG_ANALYZER_NONNULL = YES;
				CLANG_ANALYZER_NUMBER_OBJECT_CONVERSION = YES_AGGRESSIVE;
				CLANG_CXX_LANGUAGE_STANDARD = "gnu++14";
				CLANG_CXX_LIBRARY = "libc++";
				CLANG_ENABLE_MODULES = YES;
				CLANG_ENABLE_OBJC_ARC = YES;
				CLANG_WARN_BLOCK_CAPTURE_AUTORELEASING = YES;
				CLANG_WARN_BOOL_CONVERSION = YES;
				CLANG_WARN_COMMA = YES;
				CLANG_WARN_CONSTANT_CONVERSION = YES;
				CLANG_WARN_DIRECT_OBJC_ISA_USAGE = YES_ERROR;
				CLANG_WARN_DOCUMENTATION_COMMENTS = YES;
				CLANG_WARN_EMPTY_BODY = YES;
				CLANG_WARN_ENUM_CONVERSION = YES;
				CLANG_WARN_INFINITE_RECURSION = YES;
				CLANG_WARN_INT_CONVERSION = YES;
				CLANG_WARN_NON_LITERAL_NULL_CONVERSION = YES;
				CLANG_WARN_OBJC_LITERAL_CONVERSION = YES;
				CLANG_WARN_OBJC_ROOT_CLASS = YES_ERROR;
				CLANG_WARN_RANGE_LOOP_ANALYSIS = YES;
				CLANG_WARN_STRICT_PROTOTYPES = YES;
				CLANG_WARN_SUSPICIOUS_MOVE = YES;
				CLANG_WARN_UNGUARDED_AVAILABILITY = YES_AGGRESSIVE;
				CLANG_WARN_UNREACHABLE_CODE = YES;
				CLANG_WARN__DUPLICATE_METHOD_MATCH = YES;
				CODE_SIGN_IDENTITY = "iPhone Developer";
				COPY_PHASE_STRIP = NO;
				DEBUG_INFORMATION_FORMAT = dwarf;
				ENABLE_STRICT_OBJC_MSGSEND = YES;
				ENABLE_TESTABILITY = YES;
				GCC_C_LANGUAGE_STANDARD = gnu11;
				GCC_DYNAMIC_NO_PIC = NO;
				GCC_NO_COMMON_BLOCKS = YES;
				GCC_OPTIMIZATION_LEVEL = 0;
				GCC_PREPROCESSOR_DEFINITIONS = (
					"DEBUG=1",
					"$(inherited)",
				);
				GCC_WARN_64_TO_32_BIT_CONVERSION = YES;
				GCC_WARN_ABOUT_RETURN_TYPE = YES_ERROR;
				GCC_WARN_UNDECLARED_SELECTOR = YES;
				GCC_WARN_UNINITIALIZED_AUTOS = YES_AGGRESSIVE;
				GCC_WARN_UNUSED_FUNCTION = YES;
				GCC_WARN_UNUSED_VARIABLE = YES;
				IPHONEOS_DEPLOYMENT_TARGET = 11.2;
				MTL_ENABLE_DEBUG_INFO = YES;
				ONLY_ACTIVE_ARCH = YES;
				SDKROOT = iphoneos;
			};
			name = Debug;
		};
		01340CBA204D2422003015C6 /* Release */ = {
			isa = XCBuildConfiguration;
			buildSettings = {
				ALWAYS_SEARCH_USER_PATHS = NO;
				CLANG_ANALYZER_NONNULL = YES;
				CLANG_ANALYZER_NUMBER_OBJECT_CONVERSION = YES_AGGRESSIVE;
				CLANG_CXX_LANGUAGE_STANDARD = "gnu++14";
				CLANG_CXX_LIBRARY = "libc++";
				CLANG_ENABLE_MODULES = YES;
				CLANG_ENABLE_OBJC_ARC = YES;
				CLANG_WARN_BLOCK_CAPTURE_AUTORELEASING = YES;
				CLANG_WARN_BOOL_CONVERSION = YES;
				CLANG_WARN_COMMA = YES;
				CLANG_WARN_CONSTANT_CONVERSION = YES;
				CLANG_WARN_DIRECT_OBJC_ISA_USAGE = YES_ERROR;
				CLANG_WARN_DOCUMENTATION_COMMENTS = YES;
				CLANG_WARN_EMPTY_BODY = YES;
				CLANG_WARN_ENUM_CONVERSION = YES;
				CLANG_WARN_INFINITE_RECURSION = YES;
				CLANG_WARN_INT_CONVERSION = YES;
				CLANG_WARN_NON_LITERAL_NULL_CONVERSION = YES;
				CLANG_WARN_OBJC_LITERAL_CONVERSION = YES;
				CLANG_WARN_OBJC_ROOT_CLASS = YES_ERROR;
				CLANG_WARN_RANGE_LOOP_ANALYSIS = YES;
				CLANG_WARN_STRICT_PROTOTYPES = YES;
				CLANG_WARN_SUSPICIOUS_MOVE = YES;
				CLANG_WARN_UNGUARDED_AVAILABILITY = YES_AGGRESSIVE;
				CLANG_WARN_UNREACHABLE_CODE = YES;
				CLANG_WARN__DUPLICATE_METHOD_MATCH = YES;
				CODE_SIGN_IDENTITY = "iPhone Developer";
				COPY_PHASE_STRIP = NO;
				DEBUG_INFORMATION_FORMAT = "dwarf-with-dsym";
				ENABLE_NS_ASSERTIONS = NO;
				ENABLE_STRICT_OBJC_MSGSEND = YES;
				GCC_C_LANGUAGE_STANDARD = gnu11;
				GCC_NO_COMMON_BLOCKS = YES;
				GCC_WARN_64_TO_32_BIT_CONVERSION = YES;
				GCC_WARN_ABOUT_RETURN_TYPE = YES_ERROR;
				GCC_WARN_UNDECLARED_SELECTOR = YES;
				GCC_WARN_UNINITIALIZED_AUTOS = YES_AGGRESSIVE;
				GCC_WARN_UNUSED_FUNCTION = YES;
				GCC_WARN_UNUSED_VARIABLE = YES;
				IPHONEOS_DEPLOYMENT_TARGET = 11.2;
				MTL_ENABLE_DEBUG_INFO = NO;
				SDKROOT = iphoneos;
				VALIDATE_PRODUCT = YES;
			};
			name = Release;
		};
		01340CBC204D2422003015C6 /* Debug */ = {
			isa = XCBuildConfiguration;
			buildSettings = {
				ASSETCATALOG_COMPILER_APPICON_NAME = AppIcon;
				CODE_SIGN_STYLE = Automatic;
				INFOPLIST_FILE = TestLib/Info.plist;
				LD_RUNPATH_SEARCH_PATHS = "$(inherited) @executable_path/Frameworks";
				PRODUCT_BUNDLE_IDENTIFIER = com.meiyun.TestLib;
				PRODUCT_NAME = "$(TARGET_NAME)";
				TARGETED_DEVICE_FAMILY = "1,2";
			};
			name = Debug;
		};
		01340CBD204D2422003015C6 /* Release */ = {
			isa = XCBuildConfiguration;
			buildSettings = {
				ASSETCATALOG_COMPILER_APPICON_NAME = AppIcon;
				CODE_SIGN_STYLE = Automatic;
				INFOPLIST_FILE = TestLib/Info.plist;
				LD_RUNPATH_SEARCH_PATHS = "$(inherited) @executable_path/Frameworks";
				PRODUCT_BUNDLE_IDENTIFIER = com.meiyun.TestLib;
				PRODUCT_NAME = "$(TARGET_NAME)";
				TARGETED_DEVICE_FAMILY = "1,2";
			};
			name = Release;
		};
		01340CBF204D2422003015C6 /* Debug */ = {
			isa = XCBuildConfiguration;
			buildSettings = {
				BUNDLE_LOADER = "$(TEST_HOST)";
				CODE_SIGN_STYLE = Automatic;
				INFOPLIST_FILE = TestLibTests/Info.plist;
				LD_RUNPATH_SEARCH_PATHS = "$(inherited) @executable_path/Frameworks @loader_path/Frameworks";
				PRODUCT_BUNDLE_IDENTIFIER = com.meiyun.TestLibTests;
				PRODUCT_NAME = "$(TARGET_NAME)";
				TARGETED_DEVICE_FAMILY = "1,2";
				TEST_HOST = "$(BUILT_PRODUCTS_DIR)/TestLib.app/TestLib";
			};
			name = Debug;
		};
		01340CC0204D2422003015C6 /* Release */ = {
			isa = XCBuildConfiguration;
			buildSettings = {
				BUNDLE_LOADER = "$(TEST_HOST)";
				CODE_SIGN_STYLE = Automatic;
				INFOPLIST_FILE = TestLibTests/Info.plist;
				LD_RUNPATH_SEARCH_PATHS = "$(inherited) @executable_path/Frameworks @loader_path/Frameworks";
				PRODUCT_BUNDLE_IDENTIFIER = com.meiyun.TestLibTests;
				PRODUCT_NAME = "$(TARGET_NAME)";
				TARGETED_DEVICE_FAMILY = "1,2";
				TEST_HOST = "$(BUILT_PRODUCTS_DIR)/TestLib.app/TestLib";
			};
			name = Release;
		};
		01340CC2204D2422003015C6 /* Debug */ = {
			isa = XCBuildConfiguration;
			buildSettings = {
				CODE_SIGN_STYLE = Automatic;
				INFOPLIST_FILE = TestLibUITests/Info.plist;
				LD_RUNPATH_SEARCH_PATHS = "$(inherited) @executable_path/Frameworks @loader_path/Frameworks";
				PRODUCT_BUNDLE_IDENTIFIER = com.meiyun.TestLibUITests;
				PRODUCT_NAME = "$(TARGET_NAME)";
				TARGETED_DEVICE_FAMILY = "1,2";
				TEST_TARGET_NAME = TestLib;
			};
			name = Debug;
		};
		01340CC3204D2422003015C6 /* Release */ = {
			isa = XCBuildConfiguration;
			buildSettings = {
				CODE_SIGN_STYLE = Automatic;
				INFOPLIST_FILE = TestLibUITests/Info.plist;
				LD_RUNPATH_SEARCH_PATHS = "$(inherited) @executable_path/Frameworks @loader_path/Frameworks";
				PRODUCT_BUNDLE_IDENTIFIER = com.meiyun.TestLibUITests;
				PRODUCT_NAME = "$(TARGET_NAME)";
				TARGETED_DEVICE_FAMILY = "1,2";
				TEST_TARGET_NAME = TestLib;
			};
			name = Release;
		};
/* End XCBuildConfiguration section */

/* Begin XCConfigurationList section */
		01340C8A204D2422003015C6 /* Build configuration list for PBXProject "TestLib" */ = {
			isa = XCConfigurationList;
			buildConfigurations = (
				01340CB9204D2422003015C6 /* Debug */,
				01340CBA204D2422003015C6 /* Release */,
			);
			defaultConfigurationIsVisible = 0;
			defaultConfigurationName = Release;
		};
		01340CBB204D2422003015C6 /* Build configuration list for PBXNativeTarget "TestLib" */ = {
			isa = XCConfigurationList;
			buildConfigurations = (
				01340CBC204D2422003015C6 /* Debug */,
				01340CBD204D2422003015C6 /* Release */,
			);
			defaultConfigurationIsVisible = 0;
			defaultConfigurationName = Release;
		};
		01340CBE204D2422003015C6 /* Build configuration list for PBXNativeTarget "TestLibTests" */ = {
			isa = XCConfigurationList;
			buildConfigurations = (
				01340CBF204D2422003015C6 /* Debug */,
				01340CC0204D2422003015C6 /* Release */,
			);
			defaultConfigurationIsVisible = 0;
			defaultConfigurationName = Release;
		};
		01340CC1204D2422003015C6 /* Build configuration list for PBXNativeTarget "TestLibUITests" */ = {
			isa = XCConfigurationList;
			buildConfigurations = (
				01340CC2204D2422003015C6 /* Debug */,
				01340CC3204D2422003015C6 /* Release */,
			);
			defaultConfigurationIsVisible = 0;
			defaultConfigurationName = Release;
		};
/* End XCConfigurationList section */
	};
	rootObject = 01340C87204D2422003015C6 /* Project object */;
}
